{
  "name": "opencode",
  "lockfileVersion": 3,
  "requires": true,
  "packages": {
    "": {
      "dependencies": {
        "@opencode-ai/plugin": "1.1.12"
      }
    },
    "node_modules/@opencode-ai/plugin": {
      "version": "1.1.12",
      "resolved": "https://registry.npmjs.org/@opencode-ai/plugin/-/plugin-1.1.12.tgz",
      "integrity": "sha512-L+sh6mDU1teVgjRbpNnJdQIv3EYx9v8X2ZgjCAtC/eyjERR5s1smvBmvvBCpJ+p5APWKD4nuDS0xtiJiUBFZKQ==",
      "license": "MIT",
      "dependencies": {
        "@opencode-ai/sdk": "1.1.12",
        "zod": "4.1.8"
      }
    },
    "node_modules/@opencode-ai/sdk": {
      "version": "1.1.12",
      "resolved": "https://registry.npmjs.org/@opencode-ai/sdk/-/sdk-1.1.12.tgz",
      "integrity": "sha512-M1c+525865g2C03iKaMdx3aUVC7oZSNbBGaTDjUN2UTIakdxqKHog0Hd8IA9WL8M0aU1QJ8+CnpvRT2Jt9kRNw==",
      "license": "MIT"
    },
    "node_modules/zod": {
      "version": "4.1.8",
      "license": "MIT",
      "funding": {
        "url": "https://github.com/sponsors/colinhacks"
      }
    }
  }
}
